
Microsoft Visual Studio Solution File, Format Version 12.00
# Visual Studio 15
VisualStudioVersion = 15.0.28307.852
MinimumVisualStudioVersion = 10.0.40219.1
Project("{9A19103F-16F7-4668-BE54-9A1E7A4F7556}") = "SayHelloApp", "SayHelloApp\SayHelloApp.csproj", "{879759E6-8317-4439-A308-5C5A2DE30923}"
EndProject
Global
	GlobalSection(SolutionConfigurationPlatforms) = preSolution
		Debug|Any CPU = Debug|Any CPU
		Release|Any CPU = Release|Any CPU
	EndGlobalSection
	GlobalSection(ProjectConfigurationPlatforms) = postSolution
		{879759E6-8317-4439-A308-5C5A2DE30923}.Debug|Any CPU.ActiveCfg = Debug|Any CPU
		{879759E6-8317-4439-A308-5C5A2DE30923}.Debug|Any CPU.Build.0 = Debug|Any CPU
		{879759E6-8317-4439-A308-5C5A2DE30923}.Release|Any CPU.ActiveCfg = Release|Any CPU
		{879759E6-8317-4439-A308-5C5A2DE30923}.Release|Any CPU.Build.0 = Release|Any CPU
	EndGlobalSection
	GlobalSection(SolutionProperties) = preSolution
		HideSolutionNode = FALSE
	EndGlobalSection
	GlobalSection(ExtensibilityGlobals) = postSolution
		SolutionGuid = {ECE382AC-D4B1-4B38-922D-1F365CD13E63}
	EndGlobalSection
EndGlobal
